
Microsoft Visual Studio Solution File, Format Version 12.00
# Visual Studio Version 17
VisualStudioVersion = 17.7.34031.279
MinimumVisualStudioVersion = 10.0.40219.1
Project("{FAE04EC0-301F-11D3-BF4B-00C04F79EFBC}") = "Bankomat", "Bankomat\Bankomat.csproj", "{3D2CF740-D1B6-450A-9B10-E2ED7D0FBC21}"
EndProject
Global
	GlobalSection(SolutionConfigurationPlatforms) = preSolution
		Debug|Any CPU = Debug|Any CPU
		Release|Any CPU = Release|Any CPU
	EndGlobalSection
	GlobalSection(ProjectConfigurationPlatforms) = postSolution
		{3D2CF740-D1B6-450A-9B10-E2ED7D0FBC21}.Debug|Any CPU.ActiveCfg = Debug|Any CPU
		{3D2CF740-D1B6-450A-9B10-E2ED7D0FBC21}.Debug|Any CPU.Build.0 = Debug|Any CPU
		{3D2CF740-D1B6-450A-9B10-E2ED7D0FBC21}.Release|Any CPU.ActiveCfg = Release|Any CPU
		{3D2CF740-D1B6-450A-9B10-E2ED7D0FBC21}.Release|Any CPU.Build.0 = Release|Any CPU
	EndGlobalSection
	GlobalSection(SolutionProperties) = preSolution
		HideSolutionNode = FALSE
	EndGlobalSection
	GlobalSection(ExtensibilityGlobals) = postSolution
		SolutionGuid = {7364DE0A-82B8-4E1B-96BC-B2117B09D61D}
	EndGlobalSection
EndGlobal
